// !$*UTF8*$!
{
	archiveVersion = 1;
	classes = {
	};
	objectVersion = 56;
	objects = {

/* Begin PBXBuildFile section */
		8B8F90372B346781002A30BD /* LoginView.swift in Sources */ = {isa = PBXBuildFile; fileRef = 8B8F90362B346781002A30BD /* LoginView.swift */; };
		8B8F90392B346E21002A30BD /* RegistrationView.swift in Sources */ = {isa = PBXBuildFile; fileRef = 8B8F90382B346E21002A30BD /* RegistrationView.swift */; };
		8B8F903C2B346F55002A30BD /* TextFieldsModifier.swift in Sources */ = {isa = PBXBuildFile; fileRef = 8B8F903B2B346F55002A30BD /* TextFieldsModifier.swift */; };
		8BB9716F2B34628000CCB53E /* Threads_App_Swift_UIApp.swift in Sources */ = {isa = PBXBuildFile; fileRef = 8BB9716E2B34628000CCB53E /* Threads_App_Swift_UIApp.swift */; };
		8BB971712B34628000CCB53E /* ContentView.swift in Sources */ = {isa = PBXBuildFile; fileRef = 8BB971702B34628000CCB53E /* ContentView.swift */; };
		8BB971732B34628100CCB53E /* Assets.xcassets in Resources */ = {isa = PBXBuildFile; fileRef = 8BB971722B34628100CCB53E /* Assets.xcassets */; };
		8BB971762B34628100CCB53E /* Preview Assets.xcassets in Resources */ = {isa = PBXBuildFile; fileRef = 8BB971752B34628100CCB53E /* Preview Assets.xcassets */; };
/* End PBXBuildFile section */

/* Begin PBXFileReference section */
		8B8F90362B346781002A30BD /* LoginView.swift */ = {isa = PBXFileReference; lastKnownFileType = sourcecode.swift; path = LoginView.swift; sourceTree = "<group>"; };
		8B8F90382B346E21002A30BD /* RegistrationView.swift */ = {isa = PBXFileReference; lastKnownFileType = sourcecode.swift; path = RegistrationView.swift; sourceTree = "<group>"; };
		8B8F903B2B346F55002A30BD /* TextFieldsModifier.swift */ = {isa = PBXFileReference; lastKnownFileType = sourcecode.swift; path = TextFieldsModifier.swift; sourceTree = "<group>"; };
		8BB9716B2B34628000CCB53E /* Threads-App-Swift-UI.app */ = {isa = PBXFileReference; explicitFileType = wrapper.application; includeInIndex = 0; path = "Threads-App-Swift-UI.app"; sourceTree = BUILT_PRODUCTS_DIR; };
		8BB9716E2B34628000CCB53E /* Threads_App_Swift_UIApp.swift */ = {isa = PBXFileReference; lastKnownFileType = sourcecode.swift; path = Threads_App_Swift_UIApp.swift; sourceTree = "<group>"; };
		8BB971702B34628000CCB53E /* ContentView.swift */ = {isa = PBXFileReference; lastKnownFileType = sourcecode.swift; path = ContentView.swift; sourceTree = "<group>"; };
		8BB971722B34628100CCB53E /* Assets.xcassets */ = {isa = PBXFileReference; lastKnownFileType = folder.assetcatalog; path = Assets.xcassets; sourceTree = "<group>"; };
		8BB971752B34628100CCB53E /* Preview Assets.xcassets */ = {isa = PBXFileReference; lastKnownFileType = folder.assetcatalog; path = "Preview Assets.xcassets"; sourceTree = "<group>"; };
/* End PBXFileReference section */

/* Begin PBXFrameworksBuildPhase section */
		8BB971682B34628000CCB53E /* Frameworks */ = {
			isa = PBXFrameworksBuildPhase;
			buildActionMask = 2147483647;
			files = (
			);
			runOnlyForDeploymentPostprocessing = 0;
		};
/* End PBXFrameworksBuildPhase section */

/* Begin PBXGroup section */
		8B8F902D2B3466F2002A30BD /* App */ = {
			isa = PBXGroup;
			children = (
				8BB9716E2B34628000CCB53E /* Threads_App_Swift_UIApp.swift */,
			);
			path = App;
			sourceTree = "<group>";
		};
		8B8F902E2B3466F8002A30BD /* Core */ = {
			isa = PBXGroup;
			children = (
				8B8F90332B34674B002A30BD /* Authentication */,
				8B8F90342B34674B002A30BD /* Root */,
			);
			path = Core;
			sourceTree = "<group>";
		};
		8B8F902F2B346704002A30BD /* Extension */ = {
			isa = PBXGroup;
			children = (
			);
			path = Extension;
			sourceTree = "<group>";
		};
		8B8F90302B34671A002A30BD /* Model */ = {
			isa = PBXGroup;
			children = (
			);
			path = Model;
			sourceTree = "<group>";
		};
		8B8F90312B34672B002A30BD /* Service */ = {
			isa = PBXGroup;
			children = (
			);
			path = Service;
			sourceTree = "<group>";
		};
		8B8F90322B346738002A30BD /* Util */ = {
			isa = PBXGroup;
			children = (
				8B8F903A2B346F4B002A30BD /* ViewModifiers */,
			);
			path = Util;
			sourceTree = "<group>";
		};
		8B8F90332B34674B002A30BD /* Authentication */ = {
			isa = PBXGroup;
			children = (
				8B8F90352B346778002A30BD /* View */,
			);
			path = Authentication;
			sourceTree = "<group>";
		};
		8B8F90342B34674B002A30BD /* Root */ = {
			isa = PBXGroup;
			children = (
				8BB971702B34628000CCB53E /* ContentView.swift */,
			);
			path = Root;
			sourceTree = "<group>";
		};
		8B8F90352B346778002A30BD /* View */ = {
			isa = PBXGroup;
			children = (
				8B8F90362B346781002A30BD /* LoginView.swift */,
				8B8F90382B346E21002A30BD /* RegistrationView.swift */,
			);
			path = View;
			sourceTree = "<group>";
		};
		8B8F903A2B346F4B002A30BD /* ViewModifiers */ = {
			isa = PBXGroup;
			children = (
				8B8F903B2B346F55002A30BD /* TextFieldsModifier.swift */,
			);
			path = ViewModifiers;
			sourceTree = "<group>";
		};
		8BB971622B34627F00CCB53E = {
			isa = PBXGroup;
			children = (
				8BB9716D2B34628000CCB53E /* Threads-App-Swift-UI */,
				8BB9716C2B34628000CCB53E /* Products */,
			);
			sourceTree = "<group>";
		};
		8BB9716C2B34628000CCB53E /* Products */ = {
			isa = PBXGroup;
			children = (
				8BB9716B2B34628000CCB53E /* Threads-App-Swift-UI.app */,
			);
			name = Products;
			sourceTree = "<group>";
		};
		8BB9716D2B34628000CCB53E /* Threads-App-Swift-UI */ = {
			isa = PBXGroup;
			children = (
				8B8F902D2B3466F2002A30BD /* App */,
				8B8F902E2B3466F8002A30BD /* Core */,
				8B8F902F2B346704002A30BD /* Extension */,
				8B8F90302B34671A002A30BD /* Model */,
				8B8F90312B34672B002A30BD /* Service */,
				8B8F90322B346738002A30BD /* Util */,
				8BB971722B34628100CCB53E /* Assets.xcassets */,
				8BB971742B34628100CCB53E /* Preview Content */,
			);
			path = "Threads-App-Swift-UI";
			sourceTree = "<group>";
		};
		8BB971742B34628100CCB53E /* Preview Content */ = {
			isa = PBXGroup;
			children = (
				8BB971752B34628100CCB53E /* Preview Assets.xcassets */,
			);
			path = "Preview Content";
			sourceTree = "<group>";
		};
/* End PBXGroup section */

/* Begin PBXNativeTarget section */
		8BB9716A2B34628000CCB53E /* Threads-App-Swift-UI */ = {
			isa = PBXNativeTarget;
			buildConfigurationList = 8BB971792B34628100CCB53E /* Build configuration list for PBXNativeTarget "Threads-App-Swift-UI" */;
			buildPhases = (
				8BB971672B34628000CCB53E /* Sources */,
				8BB971682B34628000CCB53E /* Frameworks */,
				8BB971692B34628000CCB53E /* Resources */,
			);
			buildRules = (
			);
			dependencies = (
			);
			name = "Threads-App-Swift-UI";
			productName = "Threads-App-Swift-UI";
			productReference = 8BB9716B2B34628000CCB53E /* Threads-App-Swift-UI.app */;
			productType = "com.apple.product-type.application";
		};
/* End PBXNativeTarget section */

/* Begin PBXProject section */
		8BB971632B34627F00CCB53E /* Project object */ = {
			isa = PBXProject;
			attributes = {
				BuildIndependentTargetsInParallel = 1;
				LastSwiftUpdateCheck = 1510;
				LastUpgradeCheck = 1510;
				TargetAttributes = {
					8BB9716A2B34628000CCB53E = {
						CreatedOnToolsVersion = 15.1;
					};
				};
			};
			buildConfigurationList = 8BB971662B34627F00CCB53E /* Build configuration list for PBXProject "Threads-App-Swift-UI" */;
			compatibilityVersion = "Xcode 14.0";
			developmentRegion = en;
			hasScannedForEncodings = 0;
			knownRegions = (
				en,
				Base,
			);
			mainGroup = 8BB971622B34627F00CCB53E;
			productRefGroup = 8BB9716C2B34628000CCB53E /* Products */;
			projectDirPath = "";
			projectRoot = "";
			targets = (
				8BB9716A2B34628000CCB53E /* Threads-App-Swift-UI */,
			);
		};
/* End PBXProject section */

/* Begin PBXResourcesBuildPhase section */
		8BB971692B34628000CCB53E /* Resources */ = {
			isa = PBXResourcesBuildPhase;
			buildActionMask = 2147483647;
			files = (
				8BB971762B34628100CCB53E /* Preview Assets.xcassets in Resources */,
				8BB971732B34628100CCB53E /* Assets.xcassets in Resources */,
			);
			runOnlyForDeploymentPostprocessing = 0;
		};
/* End PBXResourcesBuildPhase section */

/* Begin PBXSourcesBuildPhase section */
		8BB971672B34628000CCB53E /* Sources */ = {
			isa = PBXSourcesBuildPhase;
			buildActionMask = 2147483647;
			files = (
				8B8F90372B346781002A30BD /* LoginView.swift in Sources */,
				8B8F903C2B346F55002A30BD /* TextFieldsModifier.swift in Sources */,
				8BB971712B34628000CCB53E /* ContentView.swift in Sources */,
				8BB9716F2B34628000CCB53E /* Threads_App_Swift_UIApp.swift in Sources */,
				8B8F90392B346E21002A30BD /* RegistrationView.swift in Sources */,
			);
			runOnlyForDeploymentPostprocessing = 0;
		};
/* End PBXSourcesBuildPhase section */

/* Begin XCBuildConfiguration section */
		8BB971772B34628100CCB53E /* Debug */ = {
			isa = XCBuildConfiguration;
			buildSettings = {
				ALWAYS_SEARCH_USER_PATHS = NO;
				ASSETCATALOG_COMPILER_GENERATE_SWIFT_ASSET_SYMBOL_EXTENSIONS = YES;
				CLANG_ANALYZER_NONNULL = YES;
				CLANG_ANALYZER_NUMBER_OBJECT_CONVERSION = YES_AGGRESSIVE;
				CLANG_CXX_LANGUAGE_STANDARD = "gnu++20";
				CLANG_ENABLE_MODULES = YES;
				CLANG_ENABLE_OBJC_ARC = YES;
				CLANG_ENABLE_OBJC_WEAK = YES;
				CLANG_WARN_BLOCK_CAPTURE_AUTORELEASING = YES;
				CLANG_WARN_BOOL_CONVERSION = YES;
				CLANG_WARN_COMMA = YES;
				CLANG_WARN_CONSTANT_CONVERSION = YES;
				CLANG_WARN_DEPRECATED_OBJC_IMPLEMENTATIONS = YES;
				CLANG_WARN_DIRECT_OBJC_ISA_USAGE = YES_ERROR;
				CLANG_WARN_DOCUMENTATION_COMMENTS = YES;
				CLANG_WARN_EMPTY_BODY = YES;
				CLANG_WARN_ENUM_CONVERSION = YES;
				CLANG_WARN_INFINITE_RECURSION = YES;
				CLANG_WARN_INT_CONVERSION = YES;
				CLANG_WARN_NON_LITERAL_NULL_CONVERSION = YES;
				CLANG_WARN_OBJC_IMPLICIT_RETAIN_SELF = YES;
				CLANG_WARN_OBJC_LITERAL_CONVERSION = YES;
				CLANG_WARN_OBJC_ROOT_CLASS = YES_ERROR;
				CLANG_WARN_QUOTED_INCLUDE_IN_FRAMEWORK_HEADER = YES;
				CLANG_WARN_RANGE_LOOP_ANALYSIS = YES;
				CLANG_WARN_STRICT_PROTOTYPES = YES;
				CLANG_WARN_SUSPICIOUS_MOVE = YES;
				CLANG_WARN_UNGUARDED_AVAILABILITY = YES_AGGRESSIVE;
				CLANG_WARN_UNREACHABLE_CODE = YES;
				CLANG_WARN__DUPLICATE_METHOD_MATCH = YES;
				COPY_PHASE_STRIP = NO;
				DEBUG_INFORMATION_FORMAT = dwarf;
				ENABLE_STRICT_OBJC_MSGSEND = YES;
				ENABLE_TESTABILITY = YES;
				ENABLE_USER_SCRIPT_SANDBOXING = YES;
				GCC_C_LANGUAGE_STANDARD = gnu17;
				GCC_DYNAMIC_NO_PIC = NO;
				GCC_NO_COMMON_BLOCKS = YES;
				GCC_OPTIMIZATION_LEVEL = 0;
				GCC_PREPROCESSOR_DEFINITIONS = (
					"DEBUG=1",
					"$(inherited)",
				);
				GCC_WARN_64_TO_32_BIT_CONVERSION = YES;
				GCC_WARN_ABOUT_RETURN_TYPE = YES_ERROR;
				GCC_WARN_UNDECLARED_SELECTOR = YES;
				GCC_WARN_UNINITIALIZED_AUTOS = YES_AGGRESSIVE;
				GCC_WARN_UNUSED_FUNCTION = YES;
				GCC_WARN_UNUSED_VARIABLE = YES;
				IPHONEOS_DEPLOYMENT_TARGET = 17.2;
				LOCALIZATION_PREFERS_STRING_CATALOGS = YES;
				MTL_ENABLE_DEBUG_INFO = INCLUDE_SOURCE;
				MTL_FAST_MATH = YES;
				ONLY_ACTIVE_ARCH = YES;
				SDKROOT = iphoneos;
				SWIFT_ACTIVE_COMPILATION_CONDITIONS = "DEBUG $(inherited)";
				SWIFT_OPTIMIZATION_LEVEL = "-Onone";
			};
			name = Debug;
		};
		8BB971782B34628100CCB53E /* Release */ = {
			isa = XCBuildConfiguration;
			buildSettings = {
				ALWAYS_SEARCH_USER_PATHS = NO;
				ASSETCATALOG_COMPILER_GENERATE_SWIFT_ASSET_SYMBOL_EXTENSIONS = YES;
				CLANG_ANALYZER_NONNULL = YES;
				CLANG_ANALYZER_NUMBER_OBJECT_CONVERSION = YES_AGGRESSIVE;
				CLANG_CXX_LANGUAGE_STANDARD = "gnu++20";
				CLANG_ENABLE_MODULES = YES;
				CLANG_ENABLE_OBJC_ARC = YES;
				CLANG_ENABLE_OBJC_WEAK = YES;
				CLANG_WARN_BLOCK_CAPTURE_AUTORELEASING = YES;
				CLANG_WARN_BOOL_CONVERSION = YES;
				CLANG_WARN_COMMA = YES;
				CLANG_WARN_CONSTANT_CONVERSION = YES;
				CLANG_WARN_DEPRECATED_OBJC_IMPLEMENTATIONS = YES;
				CLANG_WARN_DIRECT_OBJC_ISA_USAGE = YES_ERROR;
				CLANG_WARN_DOCUMENTATION_COMMENTS = YES;
				CLANG_WARN_EMPTY_BODY = YES;
				CLANG_WARN_ENUM_CONVERSION = YES;
				CLANG_WARN_INFINITE_RECURSION = YES;
				CLANG_WARN_INT_CONVERSION = YES;
				CLANG_WARN_NON_LITERAL_NULL_CONVERSION = YES;
				CLANG_WARN_OBJC_IMPLICIT_RETAIN_SELF = YES;
				CLANG_WARN_OBJC_LITERAL_CONVERSION = YES;
				CLANG_WARN_OBJC_ROOT_CLASS = YES_ERROR;
				CLANG_WARN_QUOTED_INCLUDE_IN_FRAMEWORK_HEADER = YES;
				CLANG_WARN_RANGE_LOOP_ANALYSIS = YES;
				CLANG_WARN_STRICT_PROTOTYPES = YES;
				CLANG_WARN_SUSPICIOUS_MOVE = YES;
				CLANG_WARN_UNGUARDED_AVAILABILITY = YES_AGGRESSIVE;
				CLANG_WARN_UNREACHABLE_CODE = YES;
				CLANG_WARN__DUPLICATE_METHOD_MATCH = YES;
				COPY_PHASE_STRIP = NO;
				DEBUG_INFORMATION_FORMAT = "dwarf-with-dsym";
				ENABLE_NS_ASSERTIONS = NO;
				ENABLE_STRICT_OBJC_MSGSEND = YES;
				ENABLE_USER_SCRIPT_SANDBOXING = YES;
				GCC_C_LANGUAGE_STANDARD = gnu17;
				GCC_NO_COMMON_BLOCKS = YES;
				GCC_WARN_64_TO_32_BIT_CONVERSION = YES;
				GCC_WARN_ABOUT_RETURN_TYPE = YES_ERROR;
				GCC_WARN_UNDECLARED_SELECTOR = YES;
				GCC_WARN_UNINITIALIZED_AUTOS = YES_AGGRESSIVE;
				GCC_WARN_UNUSED_FUNCTION = YES;
				GCC_WARN_UNUSED_VARIABLE = YES;
				IPHONEOS_DEPLOYMENT_TARGET = 17.2;
				LOCALIZATION_PREFERS_STRING_CATALOGS = YES;
				MTL_ENABLE_DEBUG_INFO = NO;
				MTL_FAST_MATH = YES;
				SDKROOT = iphoneos;
				SWIFT_COMPILATION_MODE = wholemodule;
				VALIDATE_PRODUCT = YES;
			};
			name = Release;
		};
		8BB9717A2B34628100CCB53E /* Debug */ = {
			isa = XCBuildConfiguration;
			buildSettings = {
				ASSETCATALOG_COMPILER_APPICON_NAME = AppIcon;
				ASSETCATALOG_COMPILER_GLOBAL_ACCENT_COLOR_NAME = AccentColor;
				CODE_SIGN_STYLE = Automatic;
				CURRENT_PROJECT_VERSION = 1;
				DEVELOPMENT_ASSET_PATHS = "\"Threads-App-Swift-UI/Preview Content\"";
				ENABLE_PREVIEWS = YES;
				GENERATE_INFOPLIST_FILE = YES;
				INFOPLIST_KEY_UIApplicationSceneManifest_Generation = YES;
				INFOPLIST_KEY_UIApplicationSupportsIndirectInputEvents = YES;
				INFOPLIST_KEY_UILaunchScreen_Generation = YES;
				INFOPLIST_KEY_UISupportedInterfaceOrientations_iPad = "UIInterfaceOrientationPortrait UIInterfaceOrientationPortraitUpsideDown UIInterfaceOrientationLandscapeLeft UIInterfaceOrientationLandscapeRight";
				INFOPLIST_KEY_UISupportedInterfaceOrientations_iPhone = "UIInterfaceOrientationPortrait UIInterfaceOrientationLandscapeLeft UIInterfaceOrientationLandscapeRight";
				LD_RUNPATH_SEARCH_PATHS = (
					"$(inherited)",
					"@executable_path/Frameworks",
				);
				MARKETING_VERSION = 1.0;
				PRODUCT_BUNDLE_IDENTIFIER = "com.solicy.Threads-App-Swift-UI";
				PRODUCT_NAME = "$(TARGET_NAME)";
				SWIFT_EMIT_LOC_STRINGS = YES;
				SWIFT_VERSION = 5.0;
				TARGETED_DEVICE_FAMILY = "1,2";
			};
			name = Debug;
		};
		8BB9717B2B34628100CCB53E /* Release */ = {
			isa = XCBuildConfiguration;
			buildSettings = {
				ASSETCATALOG_COMPILER_APPICON_NAME = AppIcon;
				ASSETCATALOG_COMPILER_GLOBAL_ACCENT_COLOR_NAME = AccentColor;
				CODE_SIGN_STYLE = Automatic;
				CURRENT_PROJECT_VERSION = 1;
				DEVELOPMENT_ASSET_PATHS = "\"Threads-App-Swift-UI/Preview Content\"";
				ENABLE_PREVIEWS = YES;
				GENERATE_INFOPLIST_FILE = YES;
				INFOPLIST_KEY_UIApplicationSceneManifest_Generation = YES;
				INFOPLIST_KEY_UIApplicationSupportsIndirectInputEvents = YES;
				INFOPLIST_KEY_UILaunchScreen_Generation = YES;
				INFOPLIST_KEY_UISupportedInterfaceOrientations_iPad = "UIInterfaceOrientationPortrait UIInterfaceOrientationPortraitUpsideDown UIInterfaceOrientationLandscapeLeft UIInterfaceOrientationLandscapeRight";
				INFOPLIST_KEY_UISupportedInterfaceOrientations_iPhone = "UIInterfaceOrientationPortrait UIInterfaceOrientationLandscapeLeft UIInterfaceOrientationLandscapeRight";
				LD_RUNPATH_SEARCH_PATHS = (
					"$(inherited)",
					"@executable_path/Frameworks",
				);
				MARKETING_VERSION = 1.0;
				PRODUCT_BUNDLE_IDENTIFIER = "com.solicy.Threads-App-Swift-UI";
				PRODUCT_NAME = "$(TARGET_NAME)";
				SWIFT_EMIT_LOC_STRINGS = YES;
				SWIFT_VERSION = 5.0;
				TARGETED_DEVICE_FAMILY = "1,2";
			};
			name = Release;
		};
/* End XCBuildConfiguration section */

/* Begin XCConfigurationList section */
		8BB971662B34627F00CCB53E /* Build configuration list for PBXProject "Threads-App-Swift-UI" */ = {
			isa = XCConfigurationList;
			buildConfigurations = (
				8BB971772B34628100CCB53E /* Debug */,
				8BB971782B34628100CCB53E /* Release */,
			);
			defaultConfigurationIsVisible = 0;
			defaultConfigurationName = Release;
		};
		8BB971792B34628100CCB53E /* Build configuration list for PBXNativeTarget "Threads-App-Swift-UI" */ = {
			isa = XCConfigurationList;
			buildConfigurations = (
				8BB9717A2B34628100CCB53E /* Debug */,
				8BB9717B2B34628100CCB53E /* Release */,
			);
			defaultConfigurationIsVisible = 0;
			defaultConfigurationName = Release;
		};
/* End XCConfigurationList section */
	};
	rootObject = 8BB971632B34627F00CCB53E /* Project object */;
}
