// !$*UTF8*$!
{
	archiveVersion = 1;
	classes = {
	};
	objectVersion = 56;
	objects = {

/* Begin PBXBuildFile section */
		8B6737412B3472D00042AB00 /* ThreadsTabView.swift in Sources */ = {isa = PBXBuildFile; fileRef = 8B6737402B3472D00042AB00 /* ThreadsTabView.swift */; };
		8B6737452B3474AB0042AB00 /* FeedView.swift in Sources */ = {isa = PBXBuildFile; fileRef = 8B6737442B3474AB0042AB00 /* FeedView.swift */; };
		8B6737492B3474D80042AB00 /* ExploreView.swift in Sources */ = {isa = PBXBuildFile; fileRef = 8B6737482B3474D80042AB00 /* ExploreView.swift */; };
		8B67374D2B34751E0042AB00 /* CreateThreadView.swift in Sources */ = {isa = PBXBuildFile; fileRef = 8B67374C2B34751E0042AB00 /* CreateThreadView.swift */; };
		8B6737512B3475570042AB00 /* ActivityView.swift in Sources */ = {isa = PBXBuildFile; fileRef = 8B6737502B3475570042AB00 /* ActivityView.swift */; };
		8B6737552B3475770042AB00 /* ProfileView.swift in Sources */ = {isa = PBXBuildFile; fileRef = 8B6737542B3475770042AB00 /* ProfileView.swift */; };
		8B8F90372B346781002A30BD /* LoginView.swift in Sources */ = {isa = PBXBuildFile; fileRef = 8B8F90362B346781002A30BD /* LoginView.swift */; };
		8B8F90392B346E21002A30BD /* RegistrationView.swift in Sources */ = {isa = PBXBuildFile; fileRef = 8B8F90382B346E21002A30BD /* RegistrationView.swift */; };
		8B8F903C2B346F55002A30BD /* TextFieldsModifier.swift in Sources */ = {isa = PBXBuildFile; fileRef = 8B8F903B2B346F55002A30BD /* TextFieldsModifier.swift */; };
		8BB9716F2B34628000CCB53E /* Threads_App_Swift_UIApp.swift in Sources */ = {isa = PBXBuildFile; fileRef = 8BB9716E2B34628000CCB53E /* Threads_App_Swift_UIApp.swift */; };
		8BB971712B34628000CCB53E /* ContentView.swift in Sources */ = {isa = PBXBuildFile; fileRef = 8BB971702B34628000CCB53E /* ContentView.swift */; };
		8BB971732B34628100CCB53E /* Assets.xcassets in Resources */ = {isa = PBXBuildFile; fileRef = 8BB971722B34628100CCB53E /* Assets.xcassets */; };
		8BB971762B34628100CCB53E /* Preview Assets.xcassets in Resources */ = {isa = PBXBuildFile; fileRef = 8BB971752B34628100CCB53E /* Preview Assets.xcassets */; };
		8BBCB6222B3478160044266D /* ThreadCell.swift in Sources */ = {isa = PBXBuildFile; fileRef = 8BBCB6212B3478160044266D /* ThreadCell.swift */; };
		8BBCB6252B347CB30044266D /* CircularProfileImageView.swift in Sources */ = {isa = PBXBuildFile; fileRef = 8BBCB6242B347CB30044266D /* CircularProfileImageView.swift */; };
		8BBCB6272B347DE70044266D /* UserCell.swift in Sources */ = {isa = PBXBuildFile; fileRef = 8BBCB6262B347DE70044266D /* UserCell.swift */; };
		8BBCB62A2B3481B80044266D /* ProfileThreadFilter.swift in Sources */ = {isa = PBXBuildFile; fileRef = 8BBCB6292B3481B80044266D /* ProfileThreadFilter.swift */; };
		8BBCB62E2B3483660044266D /* EditProfileView.swift in Sources */ = {isa = PBXBuildFile; fileRef = 8BBCB62D2B3483660044266D /* EditProfileView.swift */; };
		8BEC74E22B34889E00D87585 /* GoogleService-Info.plist in Resources */ = {isa = PBXBuildFile; fileRef = 8BEC74E12B34889E00D87585 /* GoogleService-Info.plist */; };
		8BEC74E52B34890400D87585 /* FirebaseAnalytics in Frameworks */ = {isa = PBXBuildFile; productRef = 8BEC74E42B34890400D87585 /* FirebaseAnalytics */; };
		8BEC74E72B34890400D87585 /* FirebaseAnalyticsOnDeviceConversion in Frameworks */ = {isa = PBXBuildFile; productRef = 8BEC74E62B34890400D87585 /* FirebaseAnalyticsOnDeviceConversion */; };
		8BEC74E92B34890400D87585 /* FirebaseAnalyticsSwift in Frameworks */ = {isa = PBXBuildFile; productRef = 8BEC74E82B34890400D87585 /* FirebaseAnalyticsSwift */; };
		8BEC74EB2B34890400D87585 /* FirebaseAnalyticsWithoutAdIdSupport in Frameworks */ = {isa = PBXBuildFile; productRef = 8BEC74EA2B34890400D87585 /* FirebaseAnalyticsWithoutAdIdSupport */; };
		8BEC74ED2B34890400D87585 /* FirebaseAppCheck in Frameworks */ = {isa = PBXBuildFile; productRef = 8BEC74EC2B34890400D87585 /* FirebaseAppCheck */; };
		8BEC74EF2B34890400D87585 /* FirebaseAppDistribution-Beta in Frameworks */ = {isa = PBXBuildFile; productRef = 8BEC74EE2B34890400D87585 /* FirebaseAppDistribution-Beta */; };
		8BEC74F12B34890400D87585 /* FirebaseAuth in Frameworks */ = {isa = PBXBuildFile; productRef = 8BEC74F02B34890400D87585 /* FirebaseAuth */; };
		8BEC74F32B34890400D87585 /* FirebaseAuthCombine-Community in Frameworks */ = {isa = PBXBuildFile; productRef = 8BEC74F22B34890400D87585 /* FirebaseAuthCombine-Community */; };
		8BEC74F52B34890400D87585 /* FirebaseCrashlytics in Frameworks */ = {isa = PBXBuildFile; productRef = 8BEC74F42B34890400D87585 /* FirebaseCrashlytics */; };
		8BEC74F72B34890400D87585 /* FirebaseDatabase in Frameworks */ = {isa = PBXBuildFile; productRef = 8BEC74F62B34890400D87585 /* FirebaseDatabase */; };
		8BEC74F92B34890400D87585 /* FirebaseDatabaseSwift in Frameworks */ = {isa = PBXBuildFile; productRef = 8BEC74F82B34890400D87585 /* FirebaseDatabaseSwift */; };
		8BEC74FB2B34890400D87585 /* FirebaseDynamicLinks in Frameworks */ = {isa = PBXBuildFile; productRef = 8BEC74FA2B34890400D87585 /* FirebaseDynamicLinks */; };
		8BEC74FD2B34890400D87585 /* FirebaseFirestore in Frameworks */ = {isa = PBXBuildFile; productRef = 8BEC74FC2B34890400D87585 /* FirebaseFirestore */; };
		8BEC74FF2B34890400D87585 /* FirebaseFirestoreCombine-Community in Frameworks */ = {isa = PBXBuildFile; productRef = 8BEC74FE2B34890400D87585 /* FirebaseFirestoreCombine-Community */; };
		8BEC75012B34890400D87585 /* FirebaseFirestoreSwift in Frameworks */ = {isa = PBXBuildFile; productRef = 8BEC75002B34890400D87585 /* FirebaseFirestoreSwift */; };
		8BEC75032B34890400D87585 /* FirebaseFunctions in Frameworks */ = {isa = PBXBuildFile; productRef = 8BEC75022B34890400D87585 /* FirebaseFunctions */; };
		8BEC75052B34890400D87585 /* FirebaseFunctionsCombine-Community in Frameworks */ = {isa = PBXBuildFile; productRef = 8BEC75042B34890400D87585 /* FirebaseFunctionsCombine-Community */; };
		8BEC75072B34890400D87585 /* FirebaseInAppMessaging-Beta in Frameworks */ = {isa = PBXBuildFile; productRef = 8BEC75062B34890400D87585 /* FirebaseInAppMessaging-Beta */; };
		8BEC75092B34890400D87585 /* FirebaseInAppMessagingSwift-Beta in Frameworks */ = {isa = PBXBuildFile; productRef = 8BEC75082B34890400D87585 /* FirebaseInAppMessagingSwift-Beta */; };
		8BEC750B2B34890400D87585 /* FirebaseInstallations in Frameworks */ = {isa = PBXBuildFile; productRef = 8BEC750A2B34890400D87585 /* FirebaseInstallations */; };
		8BEC750D2B34890400D87585 /* FirebaseMLModelDownloader in Frameworks */ = {isa = PBXBuildFile; productRef = 8BEC750C2B34890400D87585 /* FirebaseMLModelDownloader */; };
		8BEC750F2B34890400D87585 /* FirebaseMessaging in Frameworks */ = {isa = PBXBuildFile; productRef = 8BEC750E2B34890400D87585 /* FirebaseMessaging */; };
		8BEC75112B34890400D87585 /* FirebasePerformance in Frameworks */ = {isa = PBXBuildFile; productRef = 8BEC75102B34890400D87585 /* FirebasePerformance */; };
		8BEC75132B34890400D87585 /* FirebaseRemoteConfig in Frameworks */ = {isa = PBXBuildFile; productRef = 8BEC75122B34890400D87585 /* FirebaseRemoteConfig */; };
		8BEC75152B34890400D87585 /* FirebaseRemoteConfigSwift in Frameworks */ = {isa = PBXBuildFile; productRef = 8BEC75142B34890400D87585 /* FirebaseRemoteConfigSwift */; };
		8BEC75172B34890400D87585 /* FirebaseStorage in Frameworks */ = {isa = PBXBuildFile; productRef = 8BEC75162B34890400D87585 /* FirebaseStorage */; };
		8BEC75192B34890400D87585 /* FirebaseStorageCombine-Community in Frameworks */ = {isa = PBXBuildFile; productRef = 8BEC75182B34890400D87585 /* FirebaseStorageCombine-Community */; };
		8BEC751D2B348B7300D87585 /* RegistrationViewModel.swift in Sources */ = {isa = PBXBuildFile; fileRef = 8BEC751C2B348B7300D87585 /* RegistrationViewModel.swift */; };
		8BEC751F2B348C2600D87585 /* AuthService.swift in Sources */ = {isa = PBXBuildFile; fileRef = 8BEC751E2B348C2600D87585 /* AuthService.swift */; };
		8BEC75232B34945900D87585 /* ContentViewModel.swift in Sources */ = {isa = PBXBuildFile; fileRef = 8BEC75222B34945900D87585 /* ContentViewModel.swift */; };
		8BEC75252B3497C700D87585 /* LoginViewModel.swift in Sources */ = {isa = PBXBuildFile; fileRef = 8BEC75242B3497C700D87585 /* LoginViewModel.swift */; };
		8BEC75272B349CA500D87585 /* User.swift in Sources */ = {isa = PBXBuildFile; fileRef = 8BEC75262B349CA500D87585 /* User.swift */; };
		8BEC75292B34A21F00D87585 /* UserService.swift in Sources */ = {isa = PBXBuildFile; fileRef = 8BEC75282B34A21F00D87585 /* UserService.swift */; };
		8BEC752D2B34A36B00D87585 /* ProfileViewModel.swift in Sources */ = {isa = PBXBuildFile; fileRef = 8BEC752C2B34A36B00D87585 /* ProfileViewModel.swift */; };
/* End PBXBuildFile section */

/* Begin PBXFileReference section */
		8B6737402B3472D00042AB00 /* ThreadsTabView.swift */ = {isa = PBXFileReference; lastKnownFileType = sourcecode.swift; path = ThreadsTabView.swift; sourceTree = "<group>"; };
		8B6737442B3474AB0042AB00 /* FeedView.swift */ = {isa = PBXFileReference; lastKnownFileType = sourcecode.swift; path = FeedView.swift; sourceTree = "<group>"; };
		8B6737482B3474D80042AB00 /* ExploreView.swift */ = {isa = PBXFileReference; lastKnownFileType = sourcecode.swift; path = ExploreView.swift; sourceTree = "<group>"; };
		8B67374C2B34751E0042AB00 /* CreateThreadView.swift */ = {isa = PBXFileReference; lastKnownFileType = sourcecode.swift; path = CreateThreadView.swift; sourceTree = "<group>"; };
		8B6737502B3475570042AB00 /* ActivityView.swift */ = {isa = PBXFileReference; lastKnownFileType = sourcecode.swift; path = ActivityView.swift; sourceTree = "<group>"; };
		8B6737542B3475770042AB00 /* ProfileView.swift */ = {isa = PBXFileReference; lastKnownFileType = sourcecode.swift; path = ProfileView.swift; sourceTree = "<group>"; };
		8B8F90362B346781002A30BD /* LoginView.swift */ = {isa = PBXFileReference; lastKnownFileType = sourcecode.swift; path = LoginView.swift; sourceTree = "<group>"; };
		8B8F90382B346E21002A30BD /* RegistrationView.swift */ = {isa = PBXFileReference; lastKnownFileType = sourcecode.swift; path = RegistrationView.swift; sourceTree = "<group>"; };
		8B8F903B2B346F55002A30BD /* TextFieldsModifier.swift */ = {isa = PBXFileReference; lastKnownFileType = sourcecode.swift; path = TextFieldsModifier.swift; sourceTree = "<group>"; };
		8BB9716B2B34628000CCB53E /* Threads-App-Swift-UI.app */ = {isa = PBXFileReference; explicitFileType = wrapper.application; includeInIndex = 0; path = "Threads-App-Swift-UI.app"; sourceTree = BUILT_PRODUCTS_DIR; };
		8BB9716E2B34628000CCB53E /* Threads_App_Swift_UIApp.swift */ = {isa = PBXFileReference; lastKnownFileType = sourcecode.swift; path = Threads_App_Swift_UIApp.swift; sourceTree = "<group>"; };
		8BB971702B34628000CCB53E /* ContentView.swift */ = {isa = PBXFileReference; lastKnownFileType = sourcecode.swift; path = ContentView.swift; sourceTree = "<group>"; };
		8BB971722B34628100CCB53E /* Assets.xcassets */ = {isa = PBXFileReference; lastKnownFileType = folder.assetcatalog; path = Assets.xcassets; sourceTree = "<group>"; };
		8BB971752B34628100CCB53E /* Preview Assets.xcassets */ = {isa = PBXFileReference; lastKnownFileType = folder.assetcatalog; path = "Preview Assets.xcassets"; sourceTree = "<group>"; };
		8BBCB6212B3478160044266D /* ThreadCell.swift */ = {isa = PBXFileReference; lastKnownFileType = sourcecode.swift; path = ThreadCell.swift; sourceTree = "<group>"; };
		8BBCB6242B347CB30044266D /* CircularProfileImageView.swift */ = {isa = PBXFileReference; lastKnownFileType = sourcecode.swift; path = CircularProfileImageView.swift; sourceTree = "<group>"; };
		8BBCB6262B347DE70044266D /* UserCell.swift */ = {isa = PBXFileReference; lastKnownFileType = sourcecode.swift; path = UserCell.swift; sourceTree = "<group>"; };
		8BBCB6292B3481B80044266D /* ProfileThreadFilter.swift */ = {isa = PBXFileReference; lastKnownFileType = sourcecode.swift; path = ProfileThreadFilter.swift; sourceTree = "<group>"; };
		8BBCB62D2B3483660044266D /* EditProfileView.swift */ = {isa = PBXFileReference; lastKnownFileType = sourcecode.swift; path = EditProfileView.swift; sourceTree = "<group>"; };
		8BEC74E12B34889E00D87585 /* GoogleService-Info.plist */ = {isa = PBXFileReference; fileEncoding = 4; lastKnownFileType = text.plist.xml; path = "GoogleService-Info.plist"; sourceTree = "<group>"; };
		8BEC751C2B348B7300D87585 /* RegistrationViewModel.swift */ = {isa = PBXFileReference; lastKnownFileType = sourcecode.swift; path = RegistrationViewModel.swift; sourceTree = "<group>"; };
		8BEC751E2B348C2600D87585 /* AuthService.swift */ = {isa = PBXFileReference; lastKnownFileType = sourcecode.swift; path = AuthService.swift; sourceTree = "<group>"; };
		8BEC75222B34945900D87585 /* ContentViewModel.swift */ = {isa = PBXFileReference; lastKnownFileType = sourcecode.swift; path = ContentViewModel.swift; sourceTree = "<group>"; };
		8BEC75242B3497C700D87585 /* LoginViewModel.swift */ = {isa = PBXFileReference; lastKnownFileType = sourcecode.swift; path = LoginViewModel.swift; sourceTree = "<group>"; };
		8BEC75262B349CA500D87585 /* User.swift */ = {isa = PBXFileReference; lastKnownFileType = sourcecode.swift; path = User.swift; sourceTree = "<group>"; };
		8BEC75282B34A21F00D87585 /* UserService.swift */ = {isa = PBXFileReference; lastKnownFileType = sourcecode.swift; path = UserService.swift; sourceTree = "<group>"; };
		8BEC752C2B34A36B00D87585 /* ProfileViewModel.swift */ = {isa = PBXFileReference; lastKnownFileType = sourcecode.swift; path = ProfileViewModel.swift; sourceTree = "<group>"; };
/* End PBXFileReference section */

/* Begin PBXFrameworksBuildPhase section */
		8BB971682B34628000CCB53E /* Frameworks */ = {
			isa = PBXFrameworksBuildPhase;
			buildActionMask = 2147483647;
			files = (
				8BEC74F72B34890400D87585 /* FirebaseDatabase in Frameworks */,
				8BEC75052B34890400D87585 /* FirebaseFunctionsCombine-Community in Frameworks */,
				8BEC74FD2B34890400D87585 /* FirebaseFirestore in Frameworks */,
				8BEC74E92B34890400D87585 /* FirebaseAnalyticsSwift in Frameworks */,
				8BEC74E52B34890400D87585 /* FirebaseAnalytics in Frameworks */,
				8BEC74E72B34890400D87585 /* FirebaseAnalyticsOnDeviceConversion in Frameworks */,
				8BEC750D2B34890400D87585 /* FirebaseMLModelDownloader in Frameworks */,
				8BEC75012B34890400D87585 /* FirebaseFirestoreSwift in Frameworks */,
				8BEC74ED2B34890400D87585 /* FirebaseAppCheck in Frameworks */,
				8BEC74EB2B34890400D87585 /* FirebaseAnalyticsWithoutAdIdSupport in Frameworks */,
				8BEC74F12B34890400D87585 /* FirebaseAuth in Frameworks */,
				8BEC74F52B34890400D87585 /* FirebaseCrashlytics in Frameworks */,
				8BEC75152B34890400D87585 /* FirebaseRemoteConfigSwift in Frameworks */,
				8BEC75072B34890400D87585 /* FirebaseInAppMessaging-Beta in Frameworks */,
				8BEC74F92B34890400D87585 /* FirebaseDatabaseSwift in Frameworks */,
				8BEC75032B34890400D87585 /* FirebaseFunctions in Frameworks */,
				8BEC75192B34890400D87585 /* FirebaseStorageCombine-Community in Frameworks */,
				8BEC75132B34890400D87585 /* FirebaseRemoteConfig in Frameworks */,
				8BEC74EF2B34890400D87585 /* FirebaseAppDistribution-Beta in Frameworks */,
				8BEC74F32B34890400D87585 /* FirebaseAuthCombine-Community in Frameworks */,
				8BEC75112B34890400D87585 /* FirebasePerformance in Frameworks */,
				8BEC75092B34890400D87585 /* FirebaseInAppMessagingSwift-Beta in Frameworks */,
				8BEC75172B34890400D87585 /* FirebaseStorage in Frameworks */,
				8BEC74FB2B34890400D87585 /* FirebaseDynamicLinks in Frameworks */,
				8BEC74FF2B34890400D87585 /* FirebaseFirestoreCombine-Community in Frameworks */,
				8BEC750F2B34890400D87585 /* FirebaseMessaging in Frameworks */,
				8BEC750B2B34890400D87585 /* FirebaseInstallations in Frameworks */,
			);
			runOnlyForDeploymentPostprocessing = 0;
		};
/* End PBXFrameworksBuildPhase section */

/* Begin PBXGroup section */
		8B67373D2B3470DB0042AB00 /* TabBar */ = {
			isa = PBXGroup;
			children = (
				8B6737402B3472D00042AB00 /* ThreadsTabView.swift */,
			);
			path = TabBar;
			sourceTree = "<group>";
		};
		8B6737422B34749D0042AB00 /* Feed */ = {
			isa = PBXGroup;
			children = (
				8B6737432B3474A30042AB00 /* View */,
			);
			path = Feed;
			sourceTree = "<group>";
		};
		8B6737432B3474A30042AB00 /* View */ = {
			isa = PBXGroup;
			children = (
				8B6737442B3474AB0042AB00 /* FeedView.swift */,
				8BBCB6212B3478160044266D /* ThreadCell.swift */,
			);
			path = View;
			sourceTree = "<group>";
		};
		8B6737462B3474CA0042AB00 /* Explore */ = {
			isa = PBXGroup;
			children = (
				8B6737472B3474D00042AB00 /* View */,
			);
			path = Explore;
			sourceTree = "<group>";
		};
		8B6737472B3474D00042AB00 /* View */ = {
			isa = PBXGroup;
			children = (
				8B6737482B3474D80042AB00 /* ExploreView.swift */,
			);
			path = View;
			sourceTree = "<group>";
		};
		8B67374A2B3475000042AB00 /* ThreadCreation */ = {
			isa = PBXGroup;
			children = (
				8B67374B2B34750A0042AB00 /* View */,
			);
			path = ThreadCreation;
			sourceTree = "<group>";
		};
		8B67374B2B34750A0042AB00 /* View */ = {
			isa = PBXGroup;
			children = (
				8B67374C2B34751E0042AB00 /* CreateThreadView.swift */,
			);
			path = View;
			sourceTree = "<group>";
		};
		8B67374E2B3475460042AB00 /* Activity */ = {
			isa = PBXGroup;
			children = (
				8B67374F2B3475510042AB00 /* View */,
			);
			path = Activity;
			sourceTree = "<group>";
		};
		8B67374F2B3475510042AB00 /* View */ = {
			isa = PBXGroup;
			children = (
				8B6737502B3475570042AB00 /* ActivityView.swift */,
			);
			path = View;
			sourceTree = "<group>";
		};
		8B6737522B3475640042AB00 /* Profile */ = {
			isa = PBXGroup;
			children = (
				8BEC752A2B34A31100D87585 /* ViewModel */,
				8BBCB62B2B34834C0044266D /* EditProfile */,
				8B6737532B34756C0042AB00 /* View */,
			);
			path = Profile;
			sourceTree = "<group>";
		};
		8B6737532B34756C0042AB00 /* View */ = {
			isa = PBXGroup;
			children = (
				8B6737542B3475770042AB00 /* ProfileView.swift */,
				8BBCB6292B3481B80044266D /* ProfileThreadFilter.swift */,
			);
			path = View;
			sourceTree = "<group>";
		};
		8B8F902D2B3466F2002A30BD /* App */ = {
			isa = PBXGroup;
			children = (
				8BB9716E2B34628000CCB53E /* Threads_App_Swift_UIApp.swift */,
			);
			path = App;
			sourceTree = "<group>";
		};
		8B8F902E2B3466F8002A30BD /* Core */ = {
			isa = PBXGroup;
			children = (
				8B67374E2B3475460042AB00 /* Activity */,
				8B8F90332B34674B002A30BD /* Authentication */,
				8BBCB6232B347C9B0044266D /* Components */,
				8B6737462B3474CA0042AB00 /* Explore */,
				8B6737422B34749D0042AB00 /* Feed */,
				8B6737522B3475640042AB00 /* Profile */,
				8B8F90342B34674B002A30BD /* Root */,
				8B67373D2B3470DB0042AB00 /* TabBar */,
				8B67374A2B3475000042AB00 /* ThreadCreation */,
			);
			path = Core;
			sourceTree = "<group>";
		};
		8B8F902F2B346704002A30BD /* Extension */ = {
			isa = PBXGroup;
			children = (
			);
			path = Extension;
			sourceTree = "<group>";
		};
		8B8F90302B34671A002A30BD /* Model */ = {
			isa = PBXGroup;
			children = (
				8BEC75262B349CA500D87585 /* User.swift */,
			);
			path = Model;
			sourceTree = "<group>";
		};
		8B8F90312B34672B002A30BD /* Service */ = {
			isa = PBXGroup;
			children = (
				8BEC75282B34A21F00D87585 /* UserService.swift */,
			);
			path = Service;
			sourceTree = "<group>";
		};
		8B8F90322B346738002A30BD /* Util */ = {
			isa = PBXGroup;
			children = (
				8B8F903A2B346F4B002A30BD /* ViewModifiers */,
			);
			path = Util;
			sourceTree = "<group>";
		};
		8B8F90332B34674B002A30BD /* Authentication */ = {
			isa = PBXGroup;
			children = (
				8BEC751B2B348B4C00D87585 /* Service */,
				8B8F90352B346778002A30BD /* View */,
				8BEC751A2B348B4800D87585 /* ViewModel */,
			);
			path = Authentication;
			sourceTree = "<group>";
		};
		8B8F90342B34674B002A30BD /* Root */ = {
			isa = PBXGroup;
			children = (
				8BEC75202B34944800D87585 /* View */,
				8BEC75212B34944A00D87585 /* ViewModel */,
			);
			path = Root;
			sourceTree = "<group>";
		};
		8B8F90352B346778002A30BD /* View */ = {
			isa = PBXGroup;
			children = (
				8B8F90362B346781002A30BD /* LoginView.swift */,
				8B8F90382B346E21002A30BD /* RegistrationView.swift */,
			);
			path = View;
			sourceTree = "<group>";
		};
		8B8F903A2B346F4B002A30BD /* ViewModifiers */ = {
			isa = PBXGroup;
			children = (
				8B8F903B2B346F55002A30BD /* TextFieldsModifier.swift */,
			);
			path = ViewModifiers;
			sourceTree = "<group>";
		};
		8BB971622B34627F00CCB53E = {
			isa = PBXGroup;
			children = (
				8BB9716D2B34628000CCB53E /* Threads-App-Swift-UI */,
				8BB9716C2B34628000CCB53E /* Products */,
			);
			sourceTree = "<group>";
		};
		8BB9716C2B34628000CCB53E /* Products */ = {
			isa = PBXGroup;
			children = (
				8BB9716B2B34628000CCB53E /* Threads-App-Swift-UI.app */,
			);
			name = Products;
			sourceTree = "<group>";
		};
		8BB9716D2B34628000CCB53E /* Threads-App-Swift-UI */ = {
			isa = PBXGroup;
			children = (
				8B8F902D2B3466F2002A30BD /* App */,
				8B8F902E2B3466F8002A30BD /* Core */,
				8B8F902F2B346704002A30BD /* Extension */,
				8B8F90302B34671A002A30BD /* Model */,
				8B8F90312B34672B002A30BD /* Service */,
				8B8F90322B346738002A30BD /* Util */,
				8BEC74E12B34889E00D87585 /* GoogleService-Info.plist */,
				8BB971722B34628100CCB53E /* Assets.xcassets */,
				8BB971742B34628100CCB53E /* Preview Content */,
			);
			path = "Threads-App-Swift-UI";
			sourceTree = "<group>";
		};
		8BB971742B34628100CCB53E /* Preview Content */ = {
			isa = PBXGroup;
			children = (
				8BB971752B34628100CCB53E /* Preview Assets.xcassets */,
			);
			path = "Preview Content";
			sourceTree = "<group>";
		};
		8BBCB6232B347C9B0044266D /* Components */ = {
			isa = PBXGroup;
			children = (
				8BBCB6242B347CB30044266D /* CircularProfileImageView.swift */,
				8BBCB6262B347DE70044266D /* UserCell.swift */,
			);
			path = Components;
			sourceTree = "<group>";
		};
		8BBCB62B2B34834C0044266D /* EditProfile */ = {
			isa = PBXGroup;
			children = (
				8BBCB62C2B34835B0044266D /* View */,
			);
			path = EditProfile;
			sourceTree = "<group>";
		};
		8BBCB62C2B34835B0044266D /* View */ = {
			isa = PBXGroup;
			children = (
				8BBCB62D2B3483660044266D /* EditProfileView.swift */,
			);
			path = View;
			sourceTree = "<group>";
		};
		8BEC751A2B348B4800D87585 /* ViewModel */ = {
			isa = PBXGroup;
			children = (
				8BEC751C2B348B7300D87585 /* RegistrationViewModel.swift */,
				8BEC75242B3497C700D87585 /* LoginViewModel.swift */,
			);
			path = ViewModel;
			sourceTree = "<group>";
		};
		8BEC751B2B348B4C00D87585 /* Service */ = {
			isa = PBXGroup;
			children = (
				8BEC751E2B348C2600D87585 /* AuthService.swift */,
			);
			path = Service;
			sourceTree = "<group>";
		};
		8BEC75202B34944800D87585 /* View */ = {
			isa = PBXGroup;
			children = (
				8BB971702B34628000CCB53E /* ContentView.swift */,
			);
			path = View;
			sourceTree = "<group>";
		};
		8BEC75212B34944A00D87585 /* ViewModel */ = {
			isa = PBXGroup;
			children = (
				8BEC75222B34945900D87585 /* ContentViewModel.swift */,
			);
			path = ViewModel;
			sourceTree = "<group>";
		};
		8BEC752A2B34A31100D87585 /* ViewModel */ = {
			isa = PBXGroup;
			children = (
				8BEC752C2B34A36B00D87585 /* ProfileViewModel.swift */,
			);
			path = ViewModel;
			sourceTree = "<group>";
		};
/* End PBXGroup section */

/* Begin PBXNativeTarget section */
		8BB9716A2B34628000CCB53E /* Threads-App-Swift-UI */ = {
			isa = PBXNativeTarget;
			buildConfigurationList = 8BB971792B34628100CCB53E /* Build configuration list for PBXNativeTarget "Threads-App-Swift-UI" */;
			buildPhases = (
				8BB971672B34628000CCB53E /* Sources */,
				8BB971682B34628000CCB53E /* Frameworks */,
				8BB971692B34628000CCB53E /* Resources */,
			);
			buildRules = (
			);
			dependencies = (
			);
			name = "Threads-App-Swift-UI";
			packageProductDependencies = (
				8BEC74E42B34890400D87585 /* FirebaseAnalytics */,
				8BEC74E62B34890400D87585 /* FirebaseAnalyticsOnDeviceConversion */,
				8BEC74E82B34890400D87585 /* FirebaseAnalyticsSwift */,
				8BEC74EA2B34890400D87585 /* FirebaseAnalyticsWithoutAdIdSupport */,
				8BEC74EC2B34890400D87585 /* FirebaseAppCheck */,
				8BEC74EE2B34890400D87585 /* FirebaseAppDistribution-Beta */,
				8BEC74F02B34890400D87585 /* FirebaseAuth */,
				8BEC74F22B34890400D87585 /* FirebaseAuthCombine-Community */,
				8BEC74F42B34890400D87585 /* FirebaseCrashlytics */,
				8BEC74F62B34890400D87585 /* FirebaseDatabase */,
				8BEC74F82B34890400D87585 /* FirebaseDatabaseSwift */,
				8BEC74FA2B34890400D87585 /* FirebaseDynamicLinks */,
				8BEC74FC2B34890400D87585 /* FirebaseFirestore */,
				8BEC74FE2B34890400D87585 /* FirebaseFirestoreCombine-Community */,
				8BEC75002B34890400D87585 /* FirebaseFirestoreSwift */,
				8BEC75022B34890400D87585 /* FirebaseFunctions */,
				8BEC75042B34890400D87585 /* FirebaseFunctionsCombine-Community */,
				8BEC75062B34890400D87585 /* FirebaseInAppMessaging-Beta */,
				8BEC75082B34890400D87585 /* FirebaseInAppMessagingSwift-Beta */,
				8BEC750A2B34890400D87585 /* FirebaseInstallations */,
				8BEC750C2B34890400D87585 /* FirebaseMLModelDownloader */,
				8BEC750E2B34890400D87585 /* FirebaseMessaging */,
				8BEC75102B34890400D87585 /* FirebasePerformance */,
				8BEC75122B34890400D87585 /* FirebaseRemoteConfig */,
				8BEC75142B34890400D87585 /* FirebaseRemoteConfigSwift */,
				8BEC75162B34890400D87585 /* FirebaseStorage */,
				8BEC75182B34890400D87585 /* FirebaseStorageCombine-Community */,
			);
			productName = "Threads-App-Swift-UI";
			productReference = 8BB9716B2B34628000CCB53E /* Threads-App-Swift-UI.app */;
			productType = "com.apple.product-type.application";
		};
/* End PBXNativeTarget section */

/* Begin PBXProject section */
		8BB971632B34627F00CCB53E /* Project object */ = {
			isa = PBXProject;
			attributes = {
				BuildIndependentTargetsInParallel = 1;
				LastSwiftUpdateCheck = 1510;
				LastUpgradeCheck = 1510;
				TargetAttributes = {
					8BB9716A2B34628000CCB53E = {
						CreatedOnToolsVersion = 15.1;
					};
				};
			};
			buildConfigurationList = 8BB971662B34627F00CCB53E /* Build configuration list for PBXProject "Threads-App-Swift-UI" */;
			compatibilityVersion = "Xcode 14.0";
			developmentRegion = en;
			hasScannedForEncodings = 0;
			knownRegions = (
				en,
				Base,
			);
			mainGroup = 8BB971622B34627F00CCB53E;
			packageReferences = (
				8BEC74E32B34890400D87585 /* XCRemoteSwiftPackageReference "firebase-ios-sdk" */,
			);
			productRefGroup = 8BB9716C2B34628000CCB53E /* Products */;
			projectDirPath = "";
			projectRoot = "";
			targets = (
				8BB9716A2B34628000CCB53E /* Threads-App-Swift-UI */,
			);
		};
/* End PBXProject section */

/* Begin PBXResourcesBuildPhase section */
		8BB971692B34628000CCB53E /* Resources */ = {
			isa = PBXResourcesBuildPhase;
			buildActionMask = 2147483647;
			files = (
				8BB971762B34628100CCB53E /* Preview Assets.xcassets in Resources */,
				8BB971732B34628100CCB53E /* Assets.xcassets in Resources */,
				8BEC74E22B34889E00D87585 /* GoogleService-Info.plist in Resources */,
			);
			runOnlyForDeploymentPostprocessing = 0;
		};
/* End PBXResourcesBuildPhase section */

/* Begin PBXSourcesBuildPhase section */
		8BB971672B34628000CCB53E /* Sources */ = {
			isa = PBXSourcesBuildPhase;
			buildActionMask = 2147483647;
			files = (
				8B6737452B3474AB0042AB00 /* FeedView.swift in Sources */,
				8BEC751D2B348B7300D87585 /* RegistrationViewModel.swift in Sources */,
				8B8F90372B346781002A30BD /* LoginView.swift in Sources */,
				8BEC751F2B348C2600D87585 /* AuthService.swift in Sources */,
				8BBCB62E2B3483660044266D /* EditProfileView.swift in Sources */,
				8B8F903C2B346F55002A30BD /* TextFieldsModifier.swift in Sources */,
				8BEC75292B34A21F00D87585 /* UserService.swift in Sources */,
				8BBCB6222B3478160044266D /* ThreadCell.swift in Sources */,
				8B6737512B3475570042AB00 /* ActivityView.swift in Sources */,
				8BEC75252B3497C700D87585 /* LoginViewModel.swift in Sources */,
				8BBCB6252B347CB30044266D /* CircularProfileImageView.swift in Sources */,
				8BBCB6272B347DE70044266D /* UserCell.swift in Sources */,
				8B67374D2B34751E0042AB00 /* CreateThreadView.swift in Sources */,
				8BBCB62A2B3481B80044266D /* ProfileThreadFilter.swift in Sources */,
				8BEC75232B34945900D87585 /* ContentViewModel.swift in Sources */,
				8BEC752D2B34A36B00D87585 /* ProfileViewModel.swift in Sources */,
				8B6737412B3472D00042AB00 /* ThreadsTabView.swift in Sources */,
				8BB971712B34628000CCB53E /* ContentView.swift in Sources */,
				8BB9716F2B34628000CCB53E /* Threads_App_Swift_UIApp.swift in Sources */,
				8B6737492B3474D80042AB00 /* ExploreView.swift in Sources */,
				8B6737552B3475770042AB00 /* ProfileView.swift in Sources */,
				8B8F90392B346E21002A30BD /* RegistrationView.swift in Sources */,
				8BEC75272B349CA500D87585 /* User.swift in Sources */,
			);
			runOnlyForDeploymentPostprocessing = 0;
		};
/* End PBXSourcesBuildPhase section */

/* Begin XCBuildConfiguration section */
		8BB971772B34628100CCB53E /* Debug */ = {
			isa = XCBuildConfiguration;
			buildSettings = {
				ALWAYS_SEARCH_USER_PATHS = NO;
				ASSETCATALOG_COMPILER_GENERATE_SWIFT_ASSET_SYMBOL_EXTENSIONS = YES;
				CLANG_ANALYZER_NONNULL = YES;
				CLANG_ANALYZER_NUMBER_OBJECT_CONVERSION = YES_AGGRESSIVE;
				CLANG_CXX_LANGUAGE_STANDARD = "gnu++20";
				CLANG_ENABLE_MODULES = YES;
				CLANG_ENABLE_OBJC_ARC = YES;
				CLANG_ENABLE_OBJC_WEAK = YES;
				CLANG_WARN_BLOCK_CAPTURE_AUTORELEASING = YES;
				CLANG_WARN_BOOL_CONVERSION = YES;
				CLANG_WARN_COMMA = YES;
				CLANG_WARN_CONSTANT_CONVERSION = YES;
				CLANG_WARN_DEPRECATED_OBJC_IMPLEMENTATIONS = YES;
				CLANG_WARN_DIRECT_OBJC_ISA_USAGE = YES_ERROR;
				CLANG_WARN_DOCUMENTATION_COMMENTS = YES;
				CLANG_WARN_EMPTY_BODY = YES;
				CLANG_WARN_ENUM_CONVERSION = YES;
				CLANG_WARN_INFINITE_RECURSION = YES;
				CLANG_WARN_INT_CONVERSION = YES;
				CLANG_WARN_NON_LITERAL_NULL_CONVERSION = YES;
				CLANG_WARN_OBJC_IMPLICIT_RETAIN_SELF = YES;
				CLANG_WARN_OBJC_LITERAL_CONVERSION = YES;
				CLANG_WARN_OBJC_ROOT_CLASS = YES_ERROR;
				CLANG_WARN_QUOTED_INCLUDE_IN_FRAMEWORK_HEADER = YES;
				CLANG_WARN_RANGE_LOOP_ANALYSIS = YES;
				CLANG_WARN_STRICT_PROTOTYPES = YES;
				CLANG_WARN_SUSPICIOUS_MOVE = YES;
				CLANG_WARN_UNGUARDED_AVAILABILITY = YES_AGGRESSIVE;
				CLANG_WARN_UNREACHABLE_CODE = YES;
				CLANG_WARN__DUPLICATE_METHOD_MATCH = YES;
				COPY_PHASE_STRIP = NO;
				DEBUG_INFORMATION_FORMAT = dwarf;
				ENABLE_STRICT_OBJC_MSGSEND = YES;
				ENABLE_TESTABILITY = YES;
				ENABLE_USER_SCRIPT_SANDBOXING = YES;
				GCC_C_LANGUAGE_STANDARD = gnu17;
				GCC_DYNAMIC_NO_PIC = NO;
				GCC_NO_COMMON_BLOCKS = YES;
				GCC_OPTIMIZATION_LEVEL = 0;
				GCC_PREPROCESSOR_DEFINITIONS = (
					"DEBUG=1",
					"$(inherited)",
				);
				GCC_WARN_64_TO_32_BIT_CONVERSION = YES;
				GCC_WARN_ABOUT_RETURN_TYPE = YES_ERROR;
				GCC_WARN_UNDECLARED_SELECTOR = YES;
				GCC_WARN_UNINITIALIZED_AUTOS = YES_AGGRESSIVE;
				GCC_WARN_UNUSED_FUNCTION = YES;
				GCC_WARN_UNUSED_VARIABLE = YES;
				IPHONEOS_DEPLOYMENT_TARGET = 17.2;
				LOCALIZATION_PREFERS_STRING_CATALOGS = YES;
				MTL_ENABLE_DEBUG_INFO = INCLUDE_SOURCE;
				MTL_FAST_MATH = YES;
				ONLY_ACTIVE_ARCH = YES;
				SDKROOT = iphoneos;
				SWIFT_ACTIVE_COMPILATION_CONDITIONS = "DEBUG $(inherited)";
				SWIFT_OPTIMIZATION_LEVEL = "-Onone";
			};
			name = Debug;
		};
		8BB971782B34628100CCB53E /* Release */ = {
			isa = XCBuildConfiguration;
			buildSettings = {
				ALWAYS_SEARCH_USER_PATHS = NO;
				ASSETCATALOG_COMPILER_GENERATE_SWIFT_ASSET_SYMBOL_EXTENSIONS = YES;
				CLANG_ANALYZER_NONNULL = YES;
				CLANG_ANALYZER_NUMBER_OBJECT_CONVERSION = YES_AGGRESSIVE;
				CLANG_CXX_LANGUAGE_STANDARD = "gnu++20";
				CLANG_ENABLE_MODULES = YES;
				CLANG_ENABLE_OBJC_ARC = YES;
				CLANG_ENABLE_OBJC_WEAK = YES;
				CLANG_WARN_BLOCK_CAPTURE_AUTORELEASING = YES;
				CLANG_WARN_BOOL_CONVERSION = YES;
				CLANG_WARN_COMMA = YES;
				CLANG_WARN_CONSTANT_CONVERSION = YES;
				CLANG_WARN_DEPRECATED_OBJC_IMPLEMENTATIONS = YES;
				CLANG_WARN_DIRECT_OBJC_ISA_USAGE = YES_ERROR;
				CLANG_WARN_DOCUMENTATION_COMMENTS = YES;
				CLANG_WARN_EMPTY_BODY = YES;
				CLANG_WARN_ENUM_CONVERSION = YES;
				CLANG_WARN_INFINITE_RECURSION = YES;
				CLANG_WARN_INT_CONVERSION = YES;
				CLANG_WARN_NON_LITERAL_NULL_CONVERSION = YES;
				CLANG_WARN_OBJC_IMPLICIT_RETAIN_SELF = YES;
				CLANG_WARN_OBJC_LITERAL_CONVERSION = YES;
				CLANG_WARN_OBJC_ROOT_CLASS = YES_ERROR;
				CLANG_WARN_QUOTED_INCLUDE_IN_FRAMEWORK_HEADER = YES;
				CLANG_WARN_RANGE_LOOP_ANALYSIS = YES;
				CLANG_WARN_STRICT_PROTOTYPES = YES;
				CLANG_WARN_SUSPICIOUS_MOVE = YES;
				CLANG_WARN_UNGUARDED_AVAILABILITY = YES_AGGRESSIVE;
				CLANG_WARN_UNREACHABLE_CODE = YES;
				CLANG_WARN__DUPLICATE_METHOD_MATCH = YES;
				COPY_PHASE_STRIP = NO;
				DEBUG_INFORMATION_FORMAT = "dwarf-with-dsym";
				ENABLE_NS_ASSERTIONS = NO;
				ENABLE_STRICT_OBJC_MSGSEND = YES;
				ENABLE_USER_SCRIPT_SANDBOXING = YES;
				GCC_C_LANGUAGE_STANDARD = gnu17;
				GCC_NO_COMMON_BLOCKS = YES;
				GCC_WARN_64_TO_32_BIT_CONVERSION = YES;
				GCC_WARN_ABOUT_RETURN_TYPE = YES_ERROR;
				GCC_WARN_UNDECLARED_SELECTOR = YES;
				GCC_WARN_UNINITIALIZED_AUTOS = YES_AGGRESSIVE;
				GCC_WARN_UNUSED_FUNCTION = YES;
				GCC_WARN_UNUSED_VARIABLE = YES;
				IPHONEOS_DEPLOYMENT_TARGET = 17.2;
				LOCALIZATION_PREFERS_STRING_CATALOGS = YES;
				MTL_ENABLE_DEBUG_INFO = NO;
				MTL_FAST_MATH = YES;
				SDKROOT = iphoneos;
				SWIFT_COMPILATION_MODE = wholemodule;
				VALIDATE_PRODUCT = YES;
			};
			name = Release;
		};
		8BB9717A2B34628100CCB53E /* Debug */ = {
			isa = XCBuildConfiguration;
			buildSettings = {
				ASSETCATALOG_COMPILER_APPICON_NAME = AppIcon;
				ASSETCATALOG_COMPILER_GLOBAL_ACCENT_COLOR_NAME = AccentColor;
				CODE_SIGN_STYLE = Automatic;
				CURRENT_PROJECT_VERSION = 1;
				DEVELOPMENT_ASSET_PATHS = "\"Threads-App-Swift-UI/Preview Content\"";
				ENABLE_PREVIEWS = YES;
				GENERATE_INFOPLIST_FILE = YES;
				INFOPLIST_KEY_UIApplicationSceneManifest_Generation = YES;
				INFOPLIST_KEY_UIApplicationSupportsIndirectInputEvents = YES;
				INFOPLIST_KEY_UILaunchScreen_Generation = YES;
				INFOPLIST_KEY_UISupportedInterfaceOrientations_iPad = "UIInterfaceOrientationPortrait UIInterfaceOrientationPortraitUpsideDown UIInterfaceOrientationLandscapeLeft UIInterfaceOrientationLandscapeRight";
				INFOPLIST_KEY_UISupportedInterfaceOrientations_iPhone = "UIInterfaceOrientationPortrait UIInterfaceOrientationLandscapeLeft UIInterfaceOrientationLandscapeRight";
				LD_RUNPATH_SEARCH_PATHS = (
					"$(inherited)",
					"@executable_path/Frameworks",
				);
				MARKETING_VERSION = 1.0;
				PRODUCT_BUNDLE_IDENTIFIER = "com.solicy.Threads-App-Swift-UI";
				PRODUCT_NAME = "$(TARGET_NAME)";
				SWIFT_EMIT_LOC_STRINGS = YES;
				SWIFT_VERSION = 5.0;
				TARGETED_DEVICE_FAMILY = "1,2";
			};
			name = Debug;
		};
		8BB9717B2B34628100CCB53E /* Release */ = {
			isa = XCBuildConfiguration;
			buildSettings = {
				ASSETCATALOG_COMPILER_APPICON_NAME = AppIcon;
				ASSETCATALOG_COMPILER_GLOBAL_ACCENT_COLOR_NAME = AccentColor;
				CODE_SIGN_STYLE = Automatic;
				CURRENT_PROJECT_VERSION = 1;
				DEVELOPMENT_ASSET_PATHS = "\"Threads-App-Swift-UI/Preview Content\"";
				ENABLE_PREVIEWS = YES;
				GENERATE_INFOPLIST_FILE = YES;
				INFOPLIST_KEY_UIApplicationSceneManifest_Generation = YES;
				INFOPLIST_KEY_UIApplicationSupportsIndirectInputEvents = YES;
				INFOPLIST_KEY_UILaunchScreen_Generation = YES;
				INFOPLIST_KEY_UISupportedInterfaceOrientations_iPad = "UIInterfaceOrientationPortrait UIInterfaceOrientationPortraitUpsideDown UIInterfaceOrientationLandscapeLeft UIInterfaceOrientationLandscapeRight";
				INFOPLIST_KEY_UISupportedInterfaceOrientations_iPhone = "UIInterfaceOrientationPortrait UIInterfaceOrientationLandscapeLeft UIInterfaceOrientationLandscapeRight";
				LD_RUNPATH_SEARCH_PATHS = (
					"$(inherited)",
					"@executable_path/Frameworks",
				);
				MARKETING_VERSION = 1.0;
				PRODUCT_BUNDLE_IDENTIFIER = "com.solicy.Threads-App-Swift-UI";
				PRODUCT_NAME = "$(TARGET_NAME)";
				SWIFT_EMIT_LOC_STRINGS = YES;
				SWIFT_VERSION = 5.0;
				TARGETED_DEVICE_FAMILY = "1,2";
			};
			name = Release;
		};
/* End XCBuildConfiguration section */

/* Begin XCConfigurationList section */
		8BB971662B34627F00CCB53E /* Build configuration list for PBXProject "Threads-App-Swift-UI" */ = {
			isa = XCConfigurationList;
			buildConfigurations = (
				8BB971772B34628100CCB53E /* Debug */,
				8BB971782B34628100CCB53E /* Release */,
			);
			defaultConfigurationIsVisible = 0;
			defaultConfigurationName = Release;
		};
		8BB971792B34628100CCB53E /* Build configuration list for PBXNativeTarget "Threads-App-Swift-UI" */ = {
			isa = XCConfigurationList;
			buildConfigurations = (
				8BB9717A2B34628100CCB53E /* Debug */,
				8BB9717B2B34628100CCB53E /* Release */,
			);
			defaultConfigurationIsVisible = 0;
			defaultConfigurationName = Release;
		};
/* End XCConfigurationList section */

/* Begin XCRemoteSwiftPackageReference section */
		8BEC74E32B34890400D87585 /* XCRemoteSwiftPackageReference "firebase-ios-sdk" */ = {
			isa = XCRemoteSwiftPackageReference;
			repositoryURL = "https://github.com/firebase/firebase-ios-sdk";
			requirement = {
				kind = upToNextMajorVersion;
				minimumVersion = 10.19.1;
			};
		};
/* End XCRemoteSwiftPackageReference section */

/* Begin XCSwiftPackageProductDependency section */
		8BEC74E42B34890400D87585 /* FirebaseAnalytics */ = {
			isa = XCSwiftPackageProductDependency;
			package = 8BEC74E32B34890400D87585 /* XCRemoteSwiftPackageReference "firebase-ios-sdk" */;
			productName = FirebaseAnalytics;
		};
		8BEC74E62B34890400D87585 /* FirebaseAnalyticsOnDeviceConversion */ = {
			isa = XCSwiftPackageProductDependency;
			package = 8BEC74E32B34890400D87585 /* XCRemoteSwiftPackageReference "firebase-ios-sdk" */;
			productName = FirebaseAnalyticsOnDeviceConversion;
		};
		8BEC74E82B34890400D87585 /* FirebaseAnalyticsSwift */ = {
			isa = XCSwiftPackageProductDependency;
			package = 8BEC74E32B34890400D87585 /* XCRemoteSwiftPackageReference "firebase-ios-sdk" */;
			productName = FirebaseAnalyticsSwift;
		};
		8BEC74EA2B34890400D87585 /* FirebaseAnalyticsWithoutAdIdSupport */ = {
			isa = XCSwiftPackageProductDependency;
			package = 8BEC74E32B34890400D87585 /* XCRemoteSwiftPackageReference "firebase-ios-sdk" */;
			productName = FirebaseAnalyticsWithoutAdIdSupport;
		};
		8BEC74EC2B34890400D87585 /* FirebaseAppCheck */ = {
			isa = XCSwiftPackageProductDependency;
			package = 8BEC74E32B34890400D87585 /* XCRemoteSwiftPackageReference "firebase-ios-sdk" */;
			productName = FirebaseAppCheck;
		};
		8BEC74EE2B34890400D87585 /* FirebaseAppDistribution-Beta */ = {
			isa = XCSwiftPackageProductDependency;
			package = 8BEC74E32B34890400D87585 /* XCRemoteSwiftPackageReference "firebase-ios-sdk" */;
			productName = "FirebaseAppDistribution-Beta";
		};
		8BEC74F02B34890400D87585 /* FirebaseAuth */ = {
			isa = XCSwiftPackageProductDependency;
			package = 8BEC74E32B34890400D87585 /* XCRemoteSwiftPackageReference "firebase-ios-sdk" */;
			productName = FirebaseAuth;
		};
		8BEC74F22B34890400D87585 /* FirebaseAuthCombine-Community */ = {
			isa = XCSwiftPackageProductDependency;
			package = 8BEC74E32B34890400D87585 /* XCRemoteSwiftPackageReference "firebase-ios-sdk" */;
			productName = "FirebaseAuthCombine-Community";
		};
		8BEC74F42B34890400D87585 /* FirebaseCrashlytics */ = {
			isa = XCSwiftPackageProductDependency;
			package = 8BEC74E32B34890400D87585 /* XCRemoteSwiftPackageReference "firebase-ios-sdk" */;
			productName = FirebaseCrashlytics;
		};
		8BEC74F62B34890400D87585 /* FirebaseDatabase */ = {
			isa = XCSwiftPackageProductDependency;
			package = 8BEC74E32B34890400D87585 /* XCRemoteSwiftPackageReference "firebase-ios-sdk" */;
			productName = FirebaseDatabase;
		};
		8BEC74F82B34890400D87585 /* FirebaseDatabaseSwift */ = {
			isa = XCSwiftPackageProductDependency;
			package = 8BEC74E32B34890400D87585 /* XCRemoteSwiftPackageReference "firebase-ios-sdk" */;
			productName = FirebaseDatabaseSwift;
		};
		8BEC74FA2B34890400D87585 /* FirebaseDynamicLinks */ = {
			isa = XCSwiftPackageProductDependency;
			package = 8BEC74E32B34890400D87585 /* XCRemoteSwiftPackageReference "firebase-ios-sdk" */;
			productName = FirebaseDynamicLinks;
		};
		8BEC74FC2B34890400D87585 /* FirebaseFirestore */ = {
			isa = XCSwiftPackageProductDependency;
			package = 8BEC74E32B34890400D87585 /* XCRemoteSwiftPackageReference "firebase-ios-sdk" */;
			productName = FirebaseFirestore;
		};
		8BEC74FE2B34890400D87585 /* FirebaseFirestoreCombine-Community */ = {
			isa = XCSwiftPackageProductDependency;
			package = 8BEC74E32B34890400D87585 /* XCRemoteSwiftPackageReference "firebase-ios-sdk" */;
			productName = "FirebaseFirestoreCombine-Community";
		};
		8BEC75002B34890400D87585 /* FirebaseFirestoreSwift */ = {
			isa = XCSwiftPackageProductDependency;
			package = 8BEC74E32B34890400D87585 /* XCRemoteSwiftPackageReference "firebase-ios-sdk" */;
			productName = FirebaseFirestoreSwift;
		};
		8BEC75022B34890400D87585 /* FirebaseFunctions */ = {
			isa = XCSwiftPackageProductDependency;
			package = 8BEC74E32B34890400D87585 /* XCRemoteSwiftPackageReference "firebase-ios-sdk" */;
			productName = FirebaseFunctions;
		};
		8BEC75042B34890400D87585 /* FirebaseFunctionsCombine-Community */ = {
			isa = XCSwiftPackageProductDependency;
			package = 8BEC74E32B34890400D87585 /* XCRemoteSwiftPackageReference "firebase-ios-sdk" */;
			productName = "FirebaseFunctionsCombine-Community";
		};
		8BEC75062B34890400D87585 /* FirebaseInAppMessaging-Beta */ = {
			isa = XCSwiftPackageProductDependency;
			package = 8BEC74E32B34890400D87585 /* XCRemoteSwiftPackageReference "firebase-ios-sdk" */;
			productName = "FirebaseInAppMessaging-Beta";
		};
		8BEC75082B34890400D87585 /* FirebaseInAppMessagingSwift-Beta */ = {
			isa = XCSwiftPackageProductDependency;
			package = 8BEC74E32B34890400D87585 /* XCRemoteSwiftPackageReference "firebase-ios-sdk" */;
			productName = "FirebaseInAppMessagingSwift-Beta";
		};
		8BEC750A2B34890400D87585 /* FirebaseInstallations */ = {
			isa = XCSwiftPackageProductDependency;
			package = 8BEC74E32B34890400D87585 /* XCRemoteSwiftPackageReference "firebase-ios-sdk" */;
			productName = FirebaseInstallations;
		};
		8BEC750C2B34890400D87585 /* FirebaseMLModelDownloader */ = {
			isa = XCSwiftPackageProductDependency;
			package = 8BEC74E32B34890400D87585 /* XCRemoteSwiftPackageReference "firebase-ios-sdk" */;
			productName = FirebaseMLModelDownloader;
		};
		8BEC750E2B34890400D87585 /* FirebaseMessaging */ = {
			isa = XCSwiftPackageProductDependency;
			package = 8BEC74E32B34890400D87585 /* XCRemoteSwiftPackageReference "firebase-ios-sdk" */;
			productName = FirebaseMessaging;
		};
		8BEC75102B34890400D87585 /* FirebasePerformance */ = {
			isa = XCSwiftPackageProductDependency;
			package = 8BEC74E32B34890400D87585 /* XCRemoteSwiftPackageReference "firebase-ios-sdk" */;
			productName = FirebasePerformance;
		};
		8BEC75122B34890400D87585 /* FirebaseRemoteConfig */ = {
			isa = XCSwiftPackageProductDependency;
			package = 8BEC74E32B34890400D87585 /* XCRemoteSwiftPackageReference "firebase-ios-sdk" */;
			productName = FirebaseRemoteConfig;
		};
		8BEC75142B34890400D87585 /* FirebaseRemoteConfigSwift */ = {
			isa = XCSwiftPackageProductDependency;
			package = 8BEC74E32B34890400D87585 /* XCRemoteSwiftPackageReference "firebase-ios-sdk" */;
			productName = FirebaseRemoteConfigSwift;
		};
		8BEC75162B34890400D87585 /* FirebaseStorage */ = {
			isa = XCSwiftPackageProductDependency;
			package = 8BEC74E32B34890400D87585 /* XCRemoteSwiftPackageReference "firebase-ios-sdk" */;
			productName = FirebaseStorage;
		};
		8BEC75182B34890400D87585 /* FirebaseStorageCombine-Community */ = {
			isa = XCSwiftPackageProductDependency;
			package = 8BEC74E32B34890400D87585 /* XCRemoteSwiftPackageReference "firebase-ios-sdk" */;
			productName = "FirebaseStorageCombine-Community";
		};
/* End XCSwiftPackageProductDependency section */
	};
	rootObject = 8BB971632B34627F00CCB53E /* Project object */;
}
